
Microsoft Visual Studio Solution File, Format Version 12.00
# Visual Studio Version 17
VisualStudioVersion = 17.2.32526.322
MinimumVisualStudioVersion = 10.0.40219.1
Project("{FAE04EC0-301F-11D3-BF4B-00C04F79EFBC}") = "süpermarket", "süpermarket\süpermarket.csproj", "{4D559B05-D461-448E-8DEF-EB8AF8FF97DE}"
EndProject
Global
	GlobalSection(SolutionConfigurationPlatforms) = preSolution
		Debug|Any CPU = Debug|Any CPU
		Release|Any CPU = Release|Any CPU
	EndGlobalSection
	GlobalSection(ProjectConfigurationPlatforms) = postSolution
		{4D559B05-D461-448E-8DEF-EB8AF8FF97DE}.Debug|Any CPU.ActiveCfg = Debug|Any CPU
		{4D559B05-D461-448E-8DEF-EB8AF8FF97DE}.Debug|Any CPU.Build.0 = Debug|Any CPU
		{4D559B05-D461-448E-8DEF-EB8AF8FF97DE}.Release|Any CPU.ActiveCfg = Release|Any CPU
		{4D559B05-D461-448E-8DEF-EB8AF8FF97DE}.Release|Any CPU.Build.0 = Release|Any CPU
	EndGlobalSection
	GlobalSection(SolutionProperties) = preSolution
		HideSolutionNode = FALSE
	EndGlobalSection
	GlobalSection(ExtensibilityGlobals) = postSolution
		SolutionGuid = {9CDCDDD6-9B85-4BE4-ACAA-543B4710A615}
	EndGlobalSection
EndGlobal
